# THIS IS AN AUTOGENERATED FILE. DO NOT EDIT THIS FILE DIRECTLY.
# yarn lockfile v1


"@tailwindui/react@^0.1.1":
  version "0.1.1"
  resolved "https://registry.yarnpkg.com/@tailwindui/react/-/react-0.1.1.tgz#0376d4080bb260e3e8dd116349d85dfaa7628ec6"
  integrity sha512-2VoUokHT/EYHaWQjH49gwKqYtwii7snb1SIp93ewfuI9fSy4x6DYocs4v4WNfyiE971ixc/PT+cs6tCi+zabSA==
